
Microsoft Visual Studio Solution File, Format Version 12.00
# Visual Studio Version 17
VisualStudioVersion = 17.12.35707.178 d17.12
MinimumVisualStudioVersion = 10.0.40219.1
Project("{FAE04EC0-301F-11D3-BF4B-00C04F79EFBC}") = "SchneiderElectric.Minefield.Host", "SchneiderElectric.Minefield.Host\SchneiderElectric.Minefield.Host.csproj", "{BA1A53A6-0D9A-422B-9146-7BCCD299A7FD}"
EndProject
Project("{FAE04EC0-301F-11D3-BF4B-00C04F79EFBC}") = "SchneiderElectric.Minefield.Host.Tests", "SchneiderElectric.Minefield.Host.Tests\SchneiderElectric.Minefield.Host.Tests.csproj", "{756EB6B9-0B72-478F-8696-EAC2D233EB3C}"
EndProject
Global
	GlobalSection(SolutionConfigurationPlatforms) = preSolution
		Debug|Any CPU = Debug|Any CPU
		Release|Any CPU = Release|Any CPU
	EndGlobalSection
	GlobalSection(ProjectConfigurationPlatforms) = postSolution
		{BA1A53A6-0D9A-422B-9146-7BCCD299A7FD}.Debug|Any CPU.ActiveCfg = Debug|Any CPU
		{BA1A53A6-0D9A-422B-9146-7BCCD299A7FD}.Debug|Any CPU.Build.0 = Debug|Any CPU
		{BA1A53A6-0D9A-422B-9146-7BCCD299A7FD}.Release|Any CPU.ActiveCfg = Release|Any CPU
		{BA1A53A6-0D9A-422B-9146-7BCCD299A7FD}.Release|Any CPU.Build.0 = Release|Any CPU
		{756EB6B9-0B72-478F-8696-EAC2D233EB3C}.Debug|Any CPU.ActiveCfg = Debug|Any CPU
		{756EB6B9-0B72-478F-8696-EAC2D233EB3C}.Debug|Any CPU.Build.0 = Debug|Any CPU
		{756EB6B9-0B72-478F-8696-EAC2D233EB3C}.Release|Any CPU.ActiveCfg = Release|Any CPU
		{756EB6B9-0B72-478F-8696-EAC2D233EB3C}.Release|Any CPU.Build.0 = Release|Any CPU
	EndGlobalSection
	GlobalSection(SolutionProperties) = preSolution
		HideSolutionNode = FALSE
	EndGlobalSection
EndGlobal
